
Microsoft Visual Studio Solution File, Format Version 12.00
# Visual Studio Version 17
VisualStudioVersion = 17.14.36327.8
MinimumVisualStudioVersion = 10.0.40219.1
Project("{888888A0-9F3D-457C-B088-3A5042F75D52}") = "Algorithmic-Trading-Engine", "Algorithmic-Trading-Engine\Algorithmic-Trading-Engine.pyproj", "{747DBB6E-1973-423A-8AD9-33040BBF3831}"
EndProject
Global
	GlobalSection(SolutionConfigurationPlatforms) = preSolution
		Debug|Any CPU = Debug|Any CPU
		Release|Any CPU = Release|Any CPU
	EndGlobalSection
	GlobalSection(ProjectConfigurationPlatforms) = postSolution
		{747DBB6E-1973-423A-8AD9-33040BBF3831}.Debug|Any CPU.ActiveCfg = Debug|Any CPU
		{747DBB6E-1973-423A-8AD9-33040BBF3831}.Release|Any CPU.ActiveCfg = Release|Any CPU
	EndGlobalSection
	GlobalSection(SolutionProperties) = preSolution
		HideSolutionNode = FALSE
	EndGlobalSection
	GlobalSection(ExtensibilityGlobals) = postSolution
		SolutionGuid = {47231ABC-F43D-47E8-88AD-B4CC3C8DF981}
	EndGlobalSection
EndGlobal
